# This file is automatically @generated by Cargo.
# It is not intended for manual editing.
version = 4

[[package]]
name = "kacs-core"
version = "0.1.0"
dependencies = [
 "peios-uapi",
]

[[package]]
name = "lcs-core"
version = "0.1.0"
dependencies = [
 "kacs-core",
 "peios-uapi",
]

[[package]]
name = "peios-uapi"
version = "0.1.0"

[[package]]
name = "pnp-core"
version = "0.1.0"

[[package]]
name = "stratafs-core"
version = "0.1.0"
